// !$*UTF8*$!
{
	archiveVersion = 1;
	classes = {
	};
	objectVersion = 46;
	objects = {

/* Begin PBXBuildFile section */
		3E08B34A1E1D1DC40010A3C2 /* AppDelegate.swift in Sources */ = {isa = PBXBuildFile; fileRef = 3E08B3491E1D1DC40010A3C2 /* AppDelegate.swift */; };
		3E08B34C1E1D1DC40010A3C2 /* ViewController.swift in Sources */ = {isa = PBXBuildFile; fileRef = 3E08B34B1E1D1DC40010A3C2 /* ViewController.swift */; };
		3E08B34F1E1D1DC40010A3C2 /* Main.storyboard in Resources */ = {isa = PBXBuildFile; fileRef = 3E08B34D1E1D1DC40010A3C2 /* Main.storyboard */; };
		3E08B3521E1D1DC40010A3C2 /* finapp.xcdatamodeld in Sources */ = {isa = PBXBuildFile; fileRef = 3E08B3501E1D1DC40010A3C2 /* finapp.xcdatamodeld */; };
		3E08B3541E1D1DC40010A3C2 /* Assets.xcassets in Resources */ = {isa = PBXBuildFile; fileRef = 3E08B3531E1D1DC40010A3C2 /* Assets.xcassets */; };
		3E08B3571E1D1DC40010A3C2 /* LaunchScreen.storyboard in Resources */ = {isa = PBXBuildFile; fileRef = 3E08B3551E1D1DC40010A3C2 /* LaunchScreen.storyboard */; };
		3E08B35F1E1D38A10010A3C2 /* CDController.swift in Sources */ = {isa = PBXBuildFile; fileRef = 3E08B35E1E1D38A10010A3C2 /* CDController.swift */; };
		3E23AC6B1E423A37006F9C9D /* TransactionCategoryTableViewCell.swift in Sources */ = {isa = PBXBuildFile; fileRef = 3E23AC691E423A37006F9C9D /* TransactionCategoryTableViewCell.swift */; };
		3E23AC6C1E423A37006F9C9D /* TransactionCategoryTableViewCell.xib in Resources */ = {isa = PBXBuildFile; fileRef = 3E23AC6A1E423A37006F9C9D /* TransactionCategoryTableViewCell.xib */; };
		3E4D22A01E37A44E005708C7 /* AccountsViewController.swift in Sources */ = {isa = PBXBuildFile; fileRef = 3E4D229E1E37A44E005708C7 /* AccountsViewController.swift */; };
		3E4D22A11E37A44E005708C7 /* AccountsViewController.xib in Resources */ = {isa = PBXBuildFile; fileRef = 3E4D229F1E37A44E005708C7 /* AccountsViewController.xib */; };
		3E6E40B21E3B768400814FFB /* TransactionsViewController.swift in Sources */ = {isa = PBXBuildFile; fileRef = 3E6E40B01E3B768400814FFB /* TransactionsViewController.swift */; };
		3E6E40B31E3B768400814FFB /* TransactionsViewController.xib in Resources */ = {isa = PBXBuildFile; fileRef = 3E6E40B11E3B768400814FFB /* TransactionsViewController.xib */; };
		3E6E40B61E3B76E700814FFB /* TransactionsTableViewCell.swift in Sources */ = {isa = PBXBuildFile; fileRef = 3E6E40B41E3B76E700814FFB /* TransactionsTableViewCell.swift */; };
		3E6E40B71E3B76E700814FFB /* TransactionsTableViewCell.xib in Resources */ = {isa = PBXBuildFile; fileRef = 3E6E40B51E3B76E700814FFB /* TransactionsTableViewCell.xib */; };
		3E8F6DA21E21325B001565D9 /* CDTransactionCategory+CoreDataClass.swift in Sources */ = {isa = PBXBuildFile; fileRef = 3E8F6D9C1E21325B001565D9 /* CDTransactionCategory+CoreDataClass.swift */; };
		3E8F6DA31E21325B001565D9 /* CDTransactionCategory+CoreDataProperties.swift in Sources */ = {isa = PBXBuildFile; fileRef = 3E8F6D9D1E21325B001565D9 /* CDTransactionCategory+CoreDataProperties.swift */; };
		3E8F6DA41E21325B001565D9 /* CDTransaction+CoreDataClass.swift in Sources */ = {isa = PBXBuildFile; fileRef = 3E8F6D9E1E21325B001565D9 /* CDTransaction+CoreDataClass.swift */; };
		3E8F6DA51E21325B001565D9 /* CDTransaction+CoreDataProperties.swift in Sources */ = {isa = PBXBuildFile; fileRef = 3E8F6D9F1E21325B001565D9 /* CDTransaction+CoreDataProperties.swift */; };
		3E8F6DA61E21325B001565D9 /* CDFinAccount+CoreDataClass.swift in Sources */ = {isa = PBXBuildFile; fileRef = 3E8F6DA01E21325B001565D9 /* CDFinAccount+CoreDataClass.swift */; };
		3E8F6DA71E21325B001565D9 /* CDFinAccount+CoreDataProperties.swift in Sources */ = {isa = PBXBuildFile; fileRef = 3E8F6DA11E21325B001565D9 /* CDFinAccount+CoreDataProperties.swift */; };
		3E8F6DA91E213305001565D9 /* DataSorceProtocols.swift in Sources */ = {isa = PBXBuildFile; fileRef = 3E8F6DA81E213305001565D9 /* DataSorceProtocols.swift */; };
		3E8F6DAB1E213EB7001565D9 /* CDDataSource.swift in Sources */ = {isa = PBXBuildFile; fileRef = 3E8F6DAA1E213EB7001565D9 /* CDDataSource.swift */; };
		3EDD8A461E211061002C0666 /* FinAccount.swift in Sources */ = {isa = PBXBuildFile; fileRef = 3EDD8A451E211061002C0666 /* FinAccount.swift */; };
		3EDD8A481E211319002C0666 /* Currency.swift in Sources */ = {isa = PBXBuildFile; fileRef = 3EDD8A471E211319002C0666 /* Currency.swift */; };
		3EDD8A4A1E211527002C0666 /* FinTransaction.swift in Sources */ = {isa = PBXBuildFile; fileRef = 3EDD8A491E211527002C0666 /* FinTransaction.swift */; };
		3EDD8A4C1E2115DF002C0666 /* FinTransactionType.swift in Sources */ = {isa = PBXBuildFile; fileRef = 3EDD8A4B1E2115DF002C0666 /* FinTransactionType.swift */; };
		3EDD8A4E1E21178B002C0666 /* FinTransactionCategory.swift in Sources */ = {isa = PBXBuildFile; fileRef = 3EDD8A4D1E21178B002C0666 /* FinTransactionCategory.swift */; };
		840FF6A91E37F21200F06684 /* AccountTableViewCell.swift in Sources */ = {isa = PBXBuildFile; fileRef = 840FF6A71E37F21200F06684 /* AccountTableViewCell.swift */; };
		840FF6AA1E37F21200F06684 /* AccountTableViewCell.xib in Resources */ = {isa = PBXBuildFile; fileRef = 840FF6A81E37F21200F06684 /* AccountTableViewCell.xib */; };
		8420EAFC1E2AC06200DBF288 /* AppSettings.swift in Sources */ = {isa = PBXBuildFile; fileRef = 8420EAFB1E2AC06200DBF288 /* AppSettings.swift */; };
		84F163BE1E41483700BDDF04 /* NewAccountViewController.swift in Sources */ = {isa = PBXBuildFile; fileRef = 84F163BC1E41483700BDDF04 /* NewAccountViewController.swift */; };
		84F163BF1E41483700BDDF04 /* NewAccountViewController.xib in Resources */ = {isa = PBXBuildFile; fileRef = 84F163BD1E41483700BDDF04 /* NewAccountViewController.xib */; };
		84F163C21E46923E00BDDF04 /* CurrencyTableViewCell.swift in Sources */ = {isa = PBXBuildFile; fileRef = 84F163C01E46923E00BDDF04 /* CurrencyTableViewCell.swift */; };
		84F163C31E46923E00BDDF04 /* CurrencyTableViewCell.xib in Resources */ = {isa = PBXBuildFile; fileRef = 84F163C11E46923E00BDDF04 /* CurrencyTableViewCell.xib */; };
/* End PBXBuildFile section */

/* Begin PBXFileReference section */
		3E08B3461E1D1DC40010A3C2 /* finapp.app */ = {isa = PBXFileReference; explicitFileType = wrapper.application; includeInIndex = 0; path = finapp.app; sourceTree = BUILT_PRODUCTS_DIR; };
		3E08B3491E1D1DC40010A3C2 /* AppDelegate.swift */ = {isa = PBXFileReference; lastKnownFileType = sourcecode.swift; path = AppDelegate.swift; sourceTree = "<group>"; };
		3E08B34B1E1D1DC40010A3C2 /* ViewController.swift */ = {isa = PBXFileReference; lastKnownFileType = sourcecode.swift; path = ViewController.swift; sourceTree = "<group>"; };
		3E08B34E1E1D1DC40010A3C2 /* Base */ = {isa = PBXFileReference; lastKnownFileType = file.storyboard; name = Base; path = Base.lproj/Main.storyboard; sourceTree = "<group>"; };
		3E08B3511E1D1DC40010A3C2 /* finapp.xcdatamodel */ = {isa = PBXFileReference; lastKnownFileType = wrapper.xcdatamodel; path = finapp.xcdatamodel; sourceTree = "<group>"; };
		3E08B3531E1D1DC40010A3C2 /* Assets.xcassets */ = {isa = PBXFileReference; lastKnownFileType = folder.assetcatalog; path = Assets.xcassets; sourceTree = "<group>"; };
		3E08B3561E1D1DC40010A3C2 /* Base */ = {isa = PBXFileReference; lastKnownFileType = file.storyboard; name = Base; path = Base.lproj/LaunchScreen.storyboard; sourceTree = "<group>"; };
		3E08B3581E1D1DC40010A3C2 /* Info.plist */ = {isa = PBXFileReference; lastKnownFileType = text.plist.xml; path = Info.plist; sourceTree = "<group>"; };
		3E08B35E1E1D38A10010A3C2 /* CDController.swift */ = {isa = PBXFileReference; fileEncoding = 4; lastKnownFileType = sourcecode.swift; path = CDController.swift; sourceTree = "<group>"; };
		3E23AC691E423A37006F9C9D /* TransactionCategoryTableViewCell.swift */ = {isa = PBXFileReference; fileEncoding = 4; lastKnownFileType = sourcecode.swift; name = TransactionCategoryTableViewCell.swift; path = UI/TransactionCategoryTableViewCell.swift; sourceTree = "<group>"; };
		3E23AC6A1E423A37006F9C9D /* TransactionCategoryTableViewCell.xib */ = {isa = PBXFileReference; fileEncoding = 4; lastKnownFileType = file.xib; name = TransactionCategoryTableViewCell.xib; path = UI/TransactionCategoryTableViewCell.xib; sourceTree = "<group>"; };
		3E4D229E1E37A44E005708C7 /* AccountsViewController.swift */ = {isa = PBXFileReference; fileEncoding = 4; lastKnownFileType = sourcecode.swift; name = AccountsViewController.swift; path = UI/AccountsViewController.swift; sourceTree = "<group>"; };
		3E4D229F1E37A44E005708C7 /* AccountsViewController.xib */ = {isa = PBXFileReference; fileEncoding = 4; lastKnownFileType = file.xib; name = AccountsViewController.xib; path = UI/AccountsViewController.xib; sourceTree = "<group>"; };
		3E6E40B01E3B768400814FFB /* TransactionsViewController.swift */ = {isa = PBXFileReference; fileEncoding = 4; lastKnownFileType = sourcecode.swift; name = TransactionsViewController.swift; path = UI/TransactionsViewController.swift; sourceTree = "<group>"; };
		3E6E40B11E3B768400814FFB /* TransactionsViewController.xib */ = {isa = PBXFileReference; fileEncoding = 4; lastKnownFileType = file.xib; name = TransactionsViewController.xib; path = UI/TransactionsViewController.xib; sourceTree = "<group>"; };
		3E6E40B41E3B76E700814FFB /* TransactionsTableViewCell.swift */ = {isa = PBXFileReference; fileEncoding = 4; lastKnownFileType = sourcecode.swift; name = TransactionsTableViewCell.swift; path = UI/TransactionsTableViewCell.swift; sourceTree = "<group>"; };
		3E6E40B51E3B76E700814FFB /* TransactionsTableViewCell.xib */ = {isa = PBXFileReference; fileEncoding = 4; lastKnownFileType = file.xib; name = TransactionsTableViewCell.xib; path = UI/TransactionsTableViewCell.xib; sourceTree = "<group>"; };
		3E8F6D9C1E21325B001565D9 /* CDTransactionCategory+CoreDataClass.swift */ = {isa = PBXFileReference; fileEncoding = 4; lastKnownFileType = sourcecode.swift; name = "CDTransactionCategory+CoreDataClass.swift"; path = "CoreDataModel/CDTransactionCategory+CoreDataClass.swift"; sourceTree = "<group>"; };
		3E8F6D9D1E21325B001565D9 /* CDTransactionCategory+CoreDataProperties.swift */ = {isa = PBXFileReference; fileEncoding = 4; lastKnownFileType = sourcecode.swift; name = "CDTransactionCategory+CoreDataProperties.swift"; path = "CoreDataModel/CDTransactionCategory+CoreDataProperties.swift"; sourceTree = "<group>"; };
		3E8F6D9E1E21325B001565D9 /* CDTransaction+CoreDataClass.swift */ = {isa = PBXFileReference; fileEncoding = 4; lastKnownFileType = sourcecode.swift; name = "CDTransaction+CoreDataClass.swift"; path = "CoreDataModel/CDTransaction+CoreDataClass.swift"; sourceTree = "<group>"; };
		3E8F6D9F1E21325B001565D9 /* CDTransaction+CoreDataProperties.swift */ = {isa = PBXFileReference; fileEncoding = 4; lastKnownFileType = sourcecode.swift; name = "CDTransaction+CoreDataProperties.swift"; path = "CoreDataModel/CDTransaction+CoreDataProperties.swift"; sourceTree = "<group>"; };
		3E8F6DA01E21325B001565D9 /* CDFinAccount+CoreDataClass.swift */ = {isa = PBXFileReference; fileEncoding = 4; lastKnownFileType = sourcecode.swift; name = "CDFinAccount+CoreDataClass.swift"; path = "CoreDataModel/CDFinAccount+CoreDataClass.swift"; sourceTree = "<group>"; };
		3E8F6DA11E21325B001565D9 /* CDFinAccount+CoreDataProperties.swift */ = {isa = PBXFileReference; fileEncoding = 4; lastKnownFileType = sourcecode.swift; name = "CDFinAccount+CoreDataProperties.swift"; path = "CoreDataModel/CDFinAccount+CoreDataProperties.swift"; sourceTree = "<group>"; };
		3E8F6DA81E213305001565D9 /* DataSorceProtocols.swift */ = {isa = PBXFileReference; fileEncoding = 4; lastKnownFileType = sourcecode.swift; path = DataSorceProtocols.swift; sourceTree = "<group>"; };
		3E8F6DAA1E213EB7001565D9 /* CDDataSource.swift */ = {isa = PBXFileReference; fileEncoding = 4; lastKnownFileType = sourcecode.swift; name = CDDataSource.swift; path = CoreDataModel/CDDataSource.swift; sourceTree = "<group>"; };
		3EDD8A451E211061002C0666 /* FinAccount.swift */ = {isa = PBXFileReference; fileEncoding = 4; lastKnownFileType = sourcecode.swift; name = FinAccount.swift; path = Model/FinAccount.swift; sourceTree = "<group>"; };
		3EDD8A471E211319002C0666 /* Currency.swift */ = {isa = PBXFileReference; fileEncoding = 4; lastKnownFileType = sourcecode.swift; name = Currency.swift; path = Model/Currency.swift; sourceTree = "<group>"; };
		3EDD8A491E211527002C0666 /* FinTransaction.swift */ = {isa = PBXFileReference; fileEncoding = 4; lastKnownFileType = sourcecode.swift; name = FinTransaction.swift; path = Model/FinTransaction.swift; sourceTree = "<group>"; };
		3EDD8A4B1E2115DF002C0666 /* FinTransactionType.swift */ = {isa = PBXFileReference; fileEncoding = 4; lastKnownFileType = sourcecode.swift; name = FinTransactionType.swift; path = Model/FinTransactionType.swift; sourceTree = "<group>"; };
		3EDD8A4D1E21178B002C0666 /* FinTransactionCategory.swift */ = {isa = PBXFileReference; fileEncoding = 4; lastKnownFileType = sourcecode.swift; name = FinTransactionCategory.swift; path = Model/FinTransactionCategory.swift; sourceTree = "<group>"; };
		840FF6A71E37F21200F06684 /* AccountTableViewCell.swift */ = {isa = PBXFileReference; fileEncoding = 4; lastKnownFileType = sourcecode.swift; name = AccountTableViewCell.swift; path = UI/AccountTableViewCell.swift; sourceTree = "<group>"; };
		840FF6A81E37F21200F06684 /* AccountTableViewCell.xib */ = {isa = PBXFileReference; fileEncoding = 4; lastKnownFileType = file.xib; name = AccountTableViewCell.xib; path = UI/AccountTableViewCell.xib; sourceTree = "<group>"; };
		8420EAFB1E2AC06200DBF288 /* AppSettings.swift */ = {isa = PBXFileReference; fileEncoding = 4; lastKnownFileType = sourcecode.swift; path = AppSettings.swift; sourceTree = "<group>"; };
		84F163BC1E41483700BDDF04 /* NewAccountViewController.swift */ = {isa = PBXFileReference; fileEncoding = 4; lastKnownFileType = sourcecode.swift; name = NewAccountViewController.swift; path = UI/NewAccountViewController.swift; sourceTree = "<group>"; };
		84F163BD1E41483700BDDF04 /* NewAccountViewController.xib */ = {isa = PBXFileReference; fileEncoding = 4; lastKnownFileType = file.xib; name = NewAccountViewController.xib; path = UI/NewAccountViewController.xib; sourceTree = "<group>"; };
		84F163C01E46923E00BDDF04 /* CurrencyTableViewCell.swift */ = {isa = PBXFileReference; fileEncoding = 4; lastKnownFileType = sourcecode.swift; name = CurrencyTableViewCell.swift; path = UI/CurrencyTableViewCell.swift; sourceTree = "<group>"; };
		84F163C11E46923E00BDDF04 /* CurrencyTableViewCell.xib */ = {isa = PBXFileReference; fileEncoding = 4; lastKnownFileType = file.xib; name = CurrencyTableViewCell.xib; path = UI/CurrencyTableViewCell.xib; sourceTree = "<group>"; };
/* End PBXFileReference section */

/* Begin PBXFrameworksBuildPhase section */
		3E08B3431E1D1DC30010A3C2 /* Frameworks */ = {
			isa = PBXFrameworksBuildPhase;
			buildActionMask = 2147483647;
			files = (
			);
			runOnlyForDeploymentPostprocessing = 0;
		};
/* End PBXFrameworksBuildPhase section */

/* Begin PBXGroup section */
		3E08B33D1E1D1DC30010A3C2 = {
			isa = PBXGroup;
			children = (
				3E08B3481E1D1DC40010A3C2 /* finapp */,
				3E08B3471E1D1DC40010A3C2 /* Products */,
			);
			sourceTree = "<group>";
		};
		3E08B3471E1D1DC40010A3C2 /* Products */ = {
			isa = PBXGroup;
			children = (
				3E08B3461E1D1DC40010A3C2 /* finapp.app */,
			);
			name = Products;
			sourceTree = "<group>";
		};
		3E08B3481E1D1DC40010A3C2 /* finapp */ = {
			isa = PBXGroup;
			children = (
				3E4D229D1E37A420005708C7 /* UI */,
				3E8F6D9B1E213157001565D9 /* CoreData */,
				3EDD8A441E211034002C0666 /* Model */,
				8420EAFD1E2AC5B500DBF288 /* resources */,
				3E8F6DAC1E213EEA001565D9 /* DataSource */,
				8420EAFB1E2AC06200DBF288 /* AppSettings.swift */,
				3E08B3491E1D1DC40010A3C2 /* AppDelegate.swift */,
			);
			path = finapp;
			sourceTree = "<group>";
		};
		3E23AC5E1E40E46B006F9C9D /* TransactionsUI */ = {
			isa = PBXGroup;
			children = (
				3E6E40B11E3B768400814FFB /* TransactionsViewController.xib */,
				3E6E40B01E3B768400814FFB /* TransactionsViewController.swift */,
				3E6E40B51E3B76E700814FFB /* TransactionsTableViewCell.xib */,
				3E6E40B41E3B76E700814FFB /* TransactionsTableViewCell.swift */,
			);
			name = TransactionsUI;
			sourceTree = "<group>";
		};
		3E23AC5F1E40EF56006F9C9D /* newAccountUI */ = {
			isa = PBXGroup;
			children = (
				84F163BC1E41483700BDDF04 /* NewAccountViewController.swift */,
				84F163BD1E41483700BDDF04 /* NewAccountViewController.xib */,
				3E23AC691E423A37006F9C9D /* TransactionCategoryTableViewCell.swift */,
				3E23AC6A1E423A37006F9C9D /* TransactionCategoryTableViewCell.xib */,
				84F163C01E46923E00BDDF04 /* CurrencyTableViewCell.swift */,
				84F163C11E46923E00BDDF04 /* CurrencyTableViewCell.xib */,
			);
			name = newAccountUI;
			sourceTree = "<group>";
		};
		3E4D229D1E37A420005708C7 /* UI */ = {
			isa = PBXGroup;
			children = (
				3E23AC5F1E40EF56006F9C9D /* newAccountUI */,
				3E08B34D1E1D1DC40010A3C2 /* Main.storyboard */,
				3E08B34B1E1D1DC40010A3C2 /* ViewController.swift */,
				3E6E40AF1E3B75F800814FFB /* Accounts UI */,
				3E23AC5E1E40E46B006F9C9D /* TransactionsUI */,
			);
			name = UI;
			sourceTree = "<group>";
		};
		3E6E40AF1E3B75F800814FFB /* Accounts UI */ = {
			isa = PBXGroup;
			children = (
				3E4D229F1E37A44E005708C7 /* AccountsViewController.xib */,
				3E4D229E1E37A44E005708C7 /* AccountsViewController.swift */,
				840FF6A81E37F21200F06684 /* AccountTableViewCell.xib */,
				840FF6A71E37F21200F06684 /* AccountTableViewCell.swift */,
			);
			name = "Accounts UI";
			sourceTree = "<group>";
		};
		3E8F6D9B1E213157001565D9 /* CoreData */ = {
			isa = PBXGroup;
			children = (
				3E8F6D9C1E21325B001565D9 /* CDTransactionCategory+CoreDataClass.swift */,
				3E8F6D9E1E21325B001565D9 /* CDTransaction+CoreDataClass.swift */,
				3E8F6DA01E21325B001565D9 /* CDFinAccount+CoreDataClass.swift */,
				3E8F6D9D1E21325B001565D9 /* CDTransactionCategory+CoreDataProperties.swift */,
				3E8F6D9F1E21325B001565D9 /* CDTransaction+CoreDataProperties.swift */,
				3E8F6DA11E21325B001565D9 /* CDFinAccount+CoreDataProperties.swift */,
				3E08B35E1E1D38A10010A3C2 /* CDController.swift */,
				3E08B3501E1D1DC40010A3C2 /* finapp.xcdatamodeld */,
			);
			name = CoreData;
			sourceTree = "<group>";
		};
		3E8F6DAC1E213EEA001565D9 /* DataSource */ = {
			isa = PBXGroup;
			children = (
				3E8F6DA81E213305001565D9 /* DataSorceProtocols.swift */,
				3E8F6DAA1E213EB7001565D9 /* CDDataSource.swift */,
			);
			name = DataSource;
			sourceTree = "<group>";
		};
		3EDD8A441E211034002C0666 /* Model */ = {
			isa = PBXGroup;
			children = (
				3EDD8A451E211061002C0666 /* FinAccount.swift */,
				3EDD8A471E211319002C0666 /* Currency.swift */,
				3EDD8A491E211527002C0666 /* FinTransaction.swift */,
				3EDD8A4B1E2115DF002C0666 /* FinTransactionType.swift */,
				3EDD8A4D1E21178B002C0666 /* FinTransactionCategory.swift */,
			);
			name = Model;
			sourceTree = "<group>";
		};
		8420EAFD1E2AC5B500DBF288 /* resources */ = {
			isa = PBXGroup;
			children = (
				3E08B3531E1D1DC40010A3C2 /* Assets.xcassets */,
				3E08B3551E1D1DC40010A3C2 /* LaunchScreen.storyboard */,
				3E08B3581E1D1DC40010A3C2 /* Info.plist */,
			);
			name = resources;
			sourceTree = "<group>";
		};
/* End PBXGroup section */

/* Begin PBXNativeTarget section */
		3E08B3451E1D1DC30010A3C2 /* finapp */ = {
			isa = PBXNativeTarget;
			buildConfigurationList = 3E08B35B1E1D1DC40010A3C2 /* Build configuration list for PBXNativeTarget "finapp" */;
			buildPhases = (
				3E08B3421E1D1DC30010A3C2 /* Sources */,
				3E08B3431E1D1DC30010A3C2 /* Frameworks */,
				3E08B3441E1D1DC30010A3C2 /* Resources */,
			);
			buildRules = (
			);
			dependencies = (
			);
			name = finapp;
			productName = finapp;
			productReference = 3E08B3461E1D1DC40010A3C2 /* finapp.app */;
			productType = "com.apple.product-type.application";
		};
/* End PBXNativeTarget section */

/* Begin PBXProject section */
		3E08B33E1E1D1DC30010A3C2 /* Project object */ = {
			isa = PBXProject;
			attributes = {
				LastSwiftUpdateCheck = 0810;
				LastUpgradeCheck = 0810;
				ORGANIZATIONNAME = "Oleksandr Kachanov";
				TargetAttributes = {
					3E08B3451E1D1DC30010A3C2 = {
						CreatedOnToolsVersion = 8.1;
						ProvisioningStyle = Automatic;
					};
				};
			};
			buildConfigurationList = 3E08B3411E1D1DC30010A3C2 /* Build configuration list for PBXProject "finapp" */;
			compatibilityVersion = "Xcode 3.2";
			developmentRegion = English;
			hasScannedForEncodings = 0;
			knownRegions = (
				en,
				Base,
			);
			mainGroup = 3E08B33D1E1D1DC30010A3C2;
			productRefGroup = 3E08B3471E1D1DC40010A3C2 /* Products */;
			projectDirPath = "";
			projectRoot = "";
			targets = (
				3E08B3451E1D1DC30010A3C2 /* finapp */,
			);
		};
/* End PBXProject section */

/* Begin PBXResourcesBuildPhase section */
		3E08B3441E1D1DC30010A3C2 /* Resources */ = {
			isa = PBXResourcesBuildPhase;
			buildActionMask = 2147483647;
			files = (
				3E08B3571E1D1DC40010A3C2 /* LaunchScreen.storyboard in Resources */,
				3E23AC6C1E423A37006F9C9D /* TransactionCategoryTableViewCell.xib in Resources */,
				840FF6AA1E37F21200F06684 /* AccountTableViewCell.xib in Resources */,
				3E08B3541E1D1DC40010A3C2 /* Assets.xcassets in Resources */,
				3E6E40B71E3B76E700814FFB /* TransactionsTableViewCell.xib in Resources */,
				3E4D22A11E37A44E005708C7 /* AccountsViewController.xib in Resources */,
				84F163C31E46923E00BDDF04 /* CurrencyTableViewCell.xib in Resources */,
				3E08B34F1E1D1DC40010A3C2 /* Main.storyboard in Resources */,
				3E6E40B31E3B768400814FFB /* TransactionsViewController.xib in Resources */,
				84F163BF1E41483700BDDF04 /* NewAccountViewController.xib in Resources */,
			);
			runOnlyForDeploymentPostprocessing = 0;
		};
/* End PBXResourcesBuildPhase section */

/* Begin PBXSourcesBuildPhase section */
		3E08B3421E1D1DC30010A3C2 /* Sources */ = {
			isa = PBXSourcesBuildPhase;
			buildActionMask = 2147483647;
			files = (
				3EDD8A481E211319002C0666 /* Currency.swift in Sources */,
				3EDD8A461E211061002C0666 /* FinAccount.swift in Sources */,
				3E8F6DA51E21325B001565D9 /* CDTransaction+CoreDataProperties.swift in Sources */,
				3EDD8A4A1E211527002C0666 /* FinTransaction.swift in Sources */,
				3E4D22A01E37A44E005708C7 /* AccountsViewController.swift in Sources */,
				3E08B35F1E1D38A10010A3C2 /* CDController.swift in Sources */,
				3EDD8A4C1E2115DF002C0666 /* FinTransactionType.swift in Sources */,
				3E8F6DA61E21325B001565D9 /* CDFinAccount+CoreDataClass.swift in Sources */,
				84F163C21E46923E00BDDF04 /* CurrencyTableViewCell.swift in Sources */,
				3E6E40B61E3B76E700814FFB /* TransactionsTableViewCell.swift in Sources */,
				3E8F6DA71E21325B001565D9 /* CDFinAccount+CoreDataProperties.swift in Sources */,
				3E08B34C1E1D1DC40010A3C2 /* ViewController.swift in Sources */,
				84F163BE1E41483700BDDF04 /* NewAccountViewController.swift in Sources */,
				3E08B3521E1D1DC40010A3C2 /* finapp.xcdatamodeld in Sources */,
				3E08B34A1E1D1DC40010A3C2 /* AppDelegate.swift in Sources */,
				3E8F6DAB1E213EB7001565D9 /* CDDataSource.swift in Sources */,
				840FF6A91E37F21200F06684 /* AccountTableViewCell.swift in Sources */,
				3E23AC6B1E423A37006F9C9D /* TransactionCategoryTableViewCell.swift in Sources */,
				3E6E40B21E3B768400814FFB /* TransactionsViewController.swift in Sources */,
				3EDD8A4E1E21178B002C0666 /* FinTransactionCategory.swift in Sources */,
				3E8F6DA21E21325B001565D9 /* CDTransactionCategory+CoreDataClass.swift in Sources */,
				8420EAFC1E2AC06200DBF288 /* AppSettings.swift in Sources */,
				3E8F6DA31E21325B001565D9 /* CDTransactionCategory+CoreDataProperties.swift in Sources */,
				3E8F6DA91E213305001565D9 /* DataSorceProtocols.swift in Sources */,
				3E8F6DA41E21325B001565D9 /* CDTransaction+CoreDataClass.swift in Sources */,
			);
			runOnlyForDeploymentPostprocessing = 0;
		};
/* End PBXSourcesBuildPhase section */

/* Begin PBXVariantGroup section */
		3E08B34D1E1D1DC40010A3C2 /* Main.storyboard */ = {
			isa = PBXVariantGroup;
			children = (
				3E08B34E1E1D1DC40010A3C2 /* Base */,
			);
			name = Main.storyboard;
			sourceTree = "<group>";
		};
		3E08B3551E1D1DC40010A3C2 /* LaunchScreen.storyboard */ = {
			isa = PBXVariantGroup;
			children = (
				3E08B3561E1D1DC40010A3C2 /* Base */,
			);
			name = LaunchScreen.storyboard;
			sourceTree = "<group>";
		};
/* End PBXVariantGroup section */

/* Begin XCBuildConfiguration section */
		3E08B3591E1D1DC40010A3C2 /* Debug */ = {
			isa = XCBuildConfiguration;
			buildSettings = {
				ALWAYS_SEARCH_USER_PATHS = NO;
				CLANG_ANALYZER_NONNULL = YES;
				CLANG_CXX_LANGUAGE_STANDARD = "gnu++0x";
				CLANG_CXX_LIBRARY = "libc++";
				CLANG_ENABLE_MODULES = YES;
				CLANG_ENABLE_OBJC_ARC = YES;
				CLANG_WARN_BOOL_CONVERSION = YES;
				CLANG_WARN_CONSTANT_CONVERSION = YES;
				CLANG_WARN_DIRECT_OBJC_ISA_USAGE = YES_ERROR;
				CLANG_WARN_DOCUMENTATION_COMMENTS = YES;
				CLANG_WARN_EMPTY_BODY = YES;
				CLANG_WARN_ENUM_CONVERSION = YES;
				CLANG_WARN_INFINITE_RECURSION = YES;
				CLANG_WARN_INT_CONVERSION = YES;
				CLANG_WARN_OBJC_ROOT_CLASS = YES_ERROR;
				CLANG_WARN_SUSPICIOUS_MOVES = YES;
				CLANG_WARN_UNREACHABLE_CODE = YES;
				CLANG_WARN__DUPLICATE_METHOD_MATCH = YES;
				"CODE_SIGN_IDENTITY[sdk=iphoneos*]" = "iPhone Developer";
				COPY_PHASE_STRIP = NO;
				DEBUG_INFORMATION_FORMAT = dwarf;
				ENABLE_STRICT_OBJC_MSGSEND = YES;
				ENABLE_TESTABILITY = YES;
				GCC_C_LANGUAGE_STANDARD = gnu99;
				GCC_DYNAMIC_NO_PIC = NO;
				GCC_NO_COMMON_BLOCKS = YES;
				GCC_OPTIMIZATION_LEVEL = 0;
				GCC_PREPROCESSOR_DEFINITIONS = (
					"DEBUG=1",
					"$(inherited)",
				);
				GCC_WARN_64_TO_32_BIT_CONVERSION = YES;
				GCC_WARN_ABOUT_RETURN_TYPE = YES_ERROR;
				GCC_WARN_UNDECLARED_SELECTOR = YES;
				GCC_WARN_UNINITIALIZED_AUTOS = YES_AGGRESSIVE;
				GCC_WARN_UNUSED_FUNCTION = YES;
				GCC_WARN_UNUSED_VARIABLE = YES;
				IPHONEOS_DEPLOYMENT_TARGET = 10.1;
				MTL_ENABLE_DEBUG_INFO = YES;
				ONLY_ACTIVE_ARCH = YES;
				SDKROOT = iphoneos;
				SWIFT_ACTIVE_COMPILATION_CONDITIONS = DEBUG;
				SWIFT_OPTIMIZATION_LEVEL = "-Onone";
			};
			name = Debug;
		};
		3E08B35A1E1D1DC40010A3C2 /* Release */ = {
			isa = XCBuildConfiguration;
			buildSettings = {
				ALWAYS_SEARCH_USER_PATHS = NO;
				CLANG_ANALYZER_NONNULL = YES;
				CLANG_CXX_LANGUAGE_STANDARD = "gnu++0x";
				CLANG_CXX_LIBRARY = "libc++";
				CLANG_ENABLE_MODULES = YES;
				CLANG_ENABLE_OBJC_ARC = YES;
				CLANG_WARN_BOOL_CONVERSION = YES;
				CLANG_WARN_CONSTANT_CONVERSION = YES;
				CLANG_WARN_DIRECT_OBJC_ISA_USAGE = YES_ERROR;
				CLANG_WARN_DOCUMENTATION_COMMENTS = YES;
				CLANG_WARN_EMPTY_BODY = YES;
				CLANG_WARN_ENUM_CONVERSION = YES;
				CLANG_WARN_INFINITE_RECURSION = YES;
				CLANG_WARN_INT_CONVERSION = YES;
				CLANG_WARN_OBJC_ROOT_CLASS = YES_ERROR;
				CLANG_WARN_SUSPICIOUS_MOVES = YES;
				CLANG_WARN_UNREACHABLE_CODE = YES;
				CLANG_WARN__DUPLICATE_METHOD_MATCH = YES;
				"CODE_SIGN_IDENTITY[sdk=iphoneos*]" = "iPhone Developer";
				COPY_PHASE_STRIP = NO;
				DEBUG_INFORMATION_FORMAT = "dwarf-with-dsym";
				ENABLE_NS_ASSERTIONS = NO;
				ENABLE_STRICT_OBJC_MSGSEND = YES;
				GCC_C_LANGUAGE_STANDARD = gnu99;
				GCC_NO_COMMON_BLOCKS = YES;
				GCC_WARN_64_TO_32_BIT_CONVERSION = YES;
				GCC_WARN_ABOUT_RETURN_TYPE = YES_ERROR;
				GCC_WARN_UNDECLARED_SELECTOR = YES;
				GCC_WARN_UNINITIALIZED_AUTOS = YES_AGGRESSIVE;
				GCC_WARN_UNUSED_FUNCTION = YES;
				GCC_WARN_UNUSED_VARIABLE = YES;
				IPHONEOS_DEPLOYMENT_TARGET = 10.1;
				MTL_ENABLE_DEBUG_INFO = NO;
				SDKROOT = iphoneos;
				SWIFT_OPTIMIZATION_LEVEL = "-Owholemodule";
				VALIDATE_PRODUCT = YES;
			};
			name = Release;
		};
		3E08B35C1E1D1DC40010A3C2 /* Debug */ = {
			isa = XCBuildConfiguration;
			buildSettings = {
				ASSETCATALOG_COMPILER_APPICON_NAME = AppIcon;
				INFOPLIST_FILE = finapp/Info.plist;
				LD_RUNPATH_SEARCH_PATHS = "$(inherited) @executable_path/Frameworks";
				PRODUCT_BUNDLE_IDENTIFIER = some.org.finapp;
				PRODUCT_NAME = "$(TARGET_NAME)";
				SWIFT_VERSION = 3.0;
			};
			name = Debug;
		};
		3E08B35D1E1D1DC40010A3C2 /* Release */ = {
			isa = XCBuildConfiguration;
			buildSettings = {
				ASSETCATALOG_COMPILER_APPICON_NAME = AppIcon;
				INFOPLIST_FILE = finapp/Info.plist;
				LD_RUNPATH_SEARCH_PATHS = "$(inherited) @executable_path/Frameworks";
				PRODUCT_BUNDLE_IDENTIFIER = some.org.finapp;
				PRODUCT_NAME = "$(TARGET_NAME)";
				SWIFT_VERSION = 3.0;
			};
			name = Release;
		};
/* End XCBuildConfiguration section */

/* Begin XCConfigurationList section */
		3E08B3411E1D1DC30010A3C2 /* Build configuration list for PBXProject "finapp" */ = {
			isa = XCConfigurationList;
			buildConfigurations = (
				3E08B3591E1D1DC40010A3C2 /* Debug */,
				3E08B35A1E1D1DC40010A3C2 /* Release */,
			);
			defaultConfigurationIsVisible = 0;
			defaultConfigurationName = Release;
		};
		3E08B35B1E1D1DC40010A3C2 /* Build configuration list for PBXNativeTarget "finapp" */ = {
			isa = XCConfigurationList;
			buildConfigurations = (
				3E08B35C1E1D1DC40010A3C2 /* Debug */,
				3E08B35D1E1D1DC40010A3C2 /* Release */,
			);
			defaultConfigurationIsVisible = 0;
			defaultConfigurationName = Release;
		};
/* End XCConfigurationList section */

/* Begin XCVersionGroup section */
		3E08B3501E1D1DC40010A3C2 /* finapp.xcdatamodeld */ = {
			isa = XCVersionGroup;
			children = (
				3E08B3511E1D1DC40010A3C2 /* finapp.xcdatamodel */,
			);
			currentVersion = 3E08B3511E1D1DC40010A3C2 /* finapp.xcdatamodel */;
			path = finapp.xcdatamodeld;
			sourceTree = "<group>";
			versionGroupType = wrapper.xcdatamodel;
		};
/* End XCVersionGroup section */
	};
	rootObject = 3E08B33E1E1D1DC30010A3C2 /* Project object */;
}
